// !$*UTF8*$!
{
	archiveVersion = 1;
	classes = {
	};
	objectVersion = 50;
	objects = {

/* Begin PBXBuildFile section */
		85082E5D2198E9B600E7788A /* FirstRun.swift in Sources */ = {isa = PBXBuildFile; fileRef = 85082E5C2198E9B600E7788A /* FirstRun.swift */; };
		85730BD6219FE1DF0078D541 /* Poloniex.swift in Sources */ = {isa = PBXBuildFile; fileRef = 85730BD5219FE1DF0078D541 /* Poloniex.swift */; };
		85CEE473218DF22C00ED779B /* AppDelegate.swift in Sources */ = {isa = PBXBuildFile; fileRef = 85CEE472218DF22C00ED779B /* AppDelegate.swift */; };
		85CEE475218DF22C00ED779B /* ViewController.swift in Sources */ = {isa = PBXBuildFile; fileRef = 85CEE474218DF22C00ED779B /* ViewController.swift */; };
		85CEE477218DF22E00ED779B /* Assets.xcassets in Resources */ = {isa = PBXBuildFile; fileRef = 85CEE476218DF22E00ED779B /* Assets.xcassets */; };
		85CEE47A218DF22E00ED779B /* Main.storyboard in Resources */ = {isa = PBXBuildFile; fileRef = 85CEE478218DF22E00ED779B /* Main.storyboard */; settings = {ASSET_TAGS = (Chart, ); }; };
		85CEE486218DF22E00ED779B /* MacTraderTests.swift in Sources */ = {isa = PBXBuildFile; fileRef = 85CEE485218DF22E00ED779B /* MacTraderTests.swift */; };
		85CEE491218DF22E00ED779B /* MacTraderUITests.swift in Sources */ = {isa = PBXBuildFile; fileRef = 85CEE490218DF22E00ED779B /* MacTraderUITests.swift */; };
		85DE892B21983E9F00F0D26D /* CoinGecko.swift in Sources */ = {isa = PBXBuildFile; fileRef = 85DE892A21983E9F00F0D26D /* CoinGecko.swift */; };
		85E0BD76219AF3ED00FBE476 /* CMarketCap.swift in Sources */ = {isa = PBXBuildFile; fileRef = 85E0BD75219AF3ED00FBE476 /* CMarketCap.swift */; };
		85E0BD7A219AF4B400FBE476 /* RSS.swift in Sources */ = {isa = PBXBuildFile; fileRef = 85E0BD79219AF4B400FBE476 /* RSS.swift */; };
		85E0BD7C219AF55100FBE476 /* Grapher.swift in Sources */ = {isa = PBXBuildFile; fileRef = 85E0BD7B219AF55100FBE476 /* Grapher.swift */; };
		85E0BD7E219AF78000FBE476 /* Analiser.swift in Sources */ = {isa = PBXBuildFile; fileRef = 85E0BD7D219AF78000FBE476 /* Analiser.swift */; };
/* End PBXBuildFile section */

/* Begin PBXContainerItemProxy section */
		85CEE482218DF22E00ED779B /* PBXContainerItemProxy */ = {
			isa = PBXContainerItemProxy;
			containerPortal = 85CEE467218DF22C00ED779B /* Project object */;
			proxyType = 1;
			remoteGlobalIDString = 85CEE46E218DF22C00ED779B;
			remoteInfo = MacTrader;
		};
		85CEE48D218DF22E00ED779B /* PBXContainerItemProxy */ = {
			isa = PBXContainerItemProxy;
			containerPortal = 85CEE467218DF22C00ED779B /* Project object */;
			proxyType = 1;
			remoteGlobalIDString = 85CEE46E218DF22C00ED779B;
			remoteInfo = MacTrader;
		};
/* End PBXContainerItemProxy section */

/* Begin PBXFileReference section */
		85082E5C2198E9B600E7788A /* FirstRun.swift */ = {isa = PBXFileReference; lastKnownFileType = sourcecode.swift; path = FirstRun.swift; sourceTree = "<group>"; };
		85730BD5219FE1DF0078D541 /* Poloniex.swift */ = {isa = PBXFileReference; lastKnownFileType = sourcecode.swift; path = Poloniex.swift; sourceTree = "<group>"; };
		85CEE46F218DF22C00ED779B /* MacTrader.app */ = {isa = PBXFileReference; explicitFileType = wrapper.application; includeInIndex = 0; path = MacTrader.app; sourceTree = BUILT_PRODUCTS_DIR; };
		85CEE472218DF22C00ED779B /* AppDelegate.swift */ = {isa = PBXFileReference; lastKnownFileType = sourcecode.swift; path = AppDelegate.swift; sourceTree = "<group>"; };
		85CEE474218DF22C00ED779B /* ViewController.swift */ = {isa = PBXFileReference; lastKnownFileType = sourcecode.swift; path = ViewController.swift; sourceTree = "<group>"; };
		85CEE476218DF22E00ED779B /* Assets.xcassets */ = {isa = PBXFileReference; lastKnownFileType = folder.assetcatalog; path = Assets.xcassets; sourceTree = "<group>"; };
		85CEE479218DF22E00ED779B /* Base */ = {isa = PBXFileReference; lastKnownFileType = file.storyboard; name = Base; path = Base.lproj/Main.storyboard; sourceTree = "<group>"; };
		85CEE47B218DF22E00ED779B /* Info.plist */ = {isa = PBXFileReference; lastKnownFileType = text.plist.xml; path = Info.plist; sourceTree = "<group>"; };
		85CEE47C218DF22E00ED779B /* MacTrader.entitlements */ = {isa = PBXFileReference; lastKnownFileType = text.plist.entitlements; path = MacTrader.entitlements; sourceTree = "<group>"; };
		85CEE481218DF22E00ED779B /* MacTraderTests.xctest */ = {isa = PBXFileReference; explicitFileType = wrapper.cfbundle; includeInIndex = 0; path = MacTraderTests.xctest; sourceTree = BUILT_PRODUCTS_DIR; };
		85CEE485218DF22E00ED779B /* MacTraderTests.swift */ = {isa = PBXFileReference; lastKnownFileType = sourcecode.swift; path = MacTraderTests.swift; sourceTree = "<group>"; };
		85CEE487218DF22E00ED779B /* Info.plist */ = {isa = PBXFileReference; lastKnownFileType = text.plist.xml; path = Info.plist; sourceTree = "<group>"; };
		85CEE48C218DF22E00ED779B /* MacTraderUITests.xctest */ = {isa = PBXFileReference; explicitFileType = wrapper.cfbundle; includeInIndex = 0; path = MacTraderUITests.xctest; sourceTree = BUILT_PRODUCTS_DIR; };
		85CEE490218DF22E00ED779B /* MacTraderUITests.swift */ = {isa = PBXFileReference; lastKnownFileType = sourcecode.swift; path = MacTraderUITests.swift; sourceTree = "<group>"; };
		85CEE492218DF22E00ED779B /* Info.plist */ = {isa = PBXFileReference; lastKnownFileType = text.plist.xml; path = Info.plist; sourceTree = "<group>"; };
		85DE892A21983E9F00F0D26D /* CoinGecko.swift */ = {isa = PBXFileReference; lastKnownFileType = sourcecode.swift; path = CoinGecko.swift; sourceTree = "<group>"; };
		85E0BD75219AF3ED00FBE476 /* CMarketCap.swift */ = {isa = PBXFileReference; lastKnownFileType = sourcecode.swift; path = CMarketCap.swift; sourceTree = "<group>"; };
		85E0BD79219AF4B400FBE476 /* RSS.swift */ = {isa = PBXFileReference; lastKnownFileType = sourcecode.swift; path = RSS.swift; sourceTree = "<group>"; };
		85E0BD7B219AF55100FBE476 /* Grapher.swift */ = {isa = PBXFileReference; lastKnownFileType = sourcecode.swift; path = Grapher.swift; sourceTree = "<group>"; };
		85E0BD7D219AF78000FBE476 /* Analiser.swift */ = {isa = PBXFileReference; lastKnownFileType = sourcecode.swift; path = Analiser.swift; sourceTree = "<group>"; };
/* End PBXFileReference section */

/* Begin PBXFrameworksBuildPhase section */
		85CEE46C218DF22C00ED779B /* Frameworks */ = {
			isa = PBXFrameworksBuildPhase;
			buildActionMask = 2147483647;
			files = (
			);
			runOnlyForDeploymentPostprocessing = 0;
		};
		85CEE47E218DF22E00ED779B /* Frameworks */ = {
			isa = PBXFrameworksBuildPhase;
			buildActionMask = 2147483647;
			files = (
			);
			runOnlyForDeploymentPostprocessing = 0;
		};
		85CEE489218DF22E00ED779B /* Frameworks */ = {
			isa = PBXFrameworksBuildPhase;
			buildActionMask = 2147483647;
			files = (
			);
			runOnlyForDeploymentPostprocessing = 0;
		};
/* End PBXFrameworksBuildPhase section */

/* Begin PBXGroup section */
		85CEE466218DF22C00ED779B = {
			isa = PBXGroup;
			children = (
				85730BD5219FE1DF0078D541 /* Poloniex.swift */,
				85E0BD79219AF4B400FBE476 /* RSS.swift */,
				85E0BD7B219AF55100FBE476 /* Grapher.swift */,
				85E0BD7D219AF78000FBE476 /* Analiser.swift */,
				85CEE471218DF22C00ED779B /* MacTrader */,
				85CEE484218DF22E00ED779B /* MacTraderTests */,
				85CEE48F218DF22E00ED779B /* MacTraderUITests */,
				85CEE470218DF22C00ED779B /* Products */,
			);
			sourceTree = "<group>";
		};
		85CEE470218DF22C00ED779B /* Products */ = {
			isa = PBXGroup;
			children = (
				85CEE46F218DF22C00ED779B /* MacTrader.app */,
				85CEE481218DF22E00ED779B /* MacTraderTests.xctest */,
				85CEE48C218DF22E00ED779B /* MacTraderUITests.xctest */,
			);
			name = Products;
			sourceTree = "<group>";
		};
		85CEE471218DF22C00ED779B /* MacTrader */ = {
			isa = PBXGroup;
			children = (
				85CEE472218DF22C00ED779B /* AppDelegate.swift */,
				85CEE474218DF22C00ED779B /* ViewController.swift */,
				85CEE476218DF22E00ED779B /* Assets.xcassets */,
				85DE892A21983E9F00F0D26D /* CoinGecko.swift */,
				85082E5C2198E9B600E7788A /* FirstRun.swift */,
				85CEE478218DF22E00ED779B /* Main.storyboard */,
				85CEE47B218DF22E00ED779B /* Info.plist */,
				85CEE47C218DF22E00ED779B /* MacTrader.entitlements */,
				85E0BD75219AF3ED00FBE476 /* CMarketCap.swift */,
			);
			path = MacTrader;
			sourceTree = "<group>";
		};
		85CEE484218DF22E00ED779B /* MacTraderTests */ = {
			isa = PBXGroup;
			children = (
				85CEE485218DF22E00ED779B /* MacTraderTests.swift */,
				85CEE487218DF22E00ED779B /* Info.plist */,
			);
			path = MacTraderTests;
			sourceTree = "<group>";
		};
		85CEE48F218DF22E00ED779B /* MacTraderUITests */ = {
			isa = PBXGroup;
			children = (
				85CEE490218DF22E00ED779B /* MacTraderUITests.swift */,
				85CEE492218DF22E00ED779B /* Info.plist */,
			);
			path = MacTraderUITests;
			sourceTree = "<group>";
		};
/* End PBXGroup section */

/* Begin PBXNativeTarget section */
		85CEE46E218DF22C00ED779B /* MacTrader */ = {
			isa = PBXNativeTarget;
			buildConfigurationList = 85CEE495218DF22E00ED779B /* Build configuration list for PBXNativeTarget "MacTrader" */;
			buildPhases = (
				85CEE46B218DF22C00ED779B /* Sources */,
				85CEE46C218DF22C00ED779B /* Frameworks */,
				85CEE46D218DF22C00ED779B /* Resources */,
			);
			buildRules = (
			);
			dependencies = (
			);
			name = MacTrader;
			productName = MacTrader;
			productReference = 85CEE46F218DF22C00ED779B /* MacTrader.app */;
			productType = "com.apple.product-type.application";
		};
		85CEE480218DF22E00ED779B /* MacTraderTests */ = {
			isa = PBXNativeTarget;
			buildConfigurationList = 85CEE498218DF22E00ED779B /* Build configuration list for PBXNativeTarget "MacTraderTests" */;
			buildPhases = (
				85CEE47D218DF22E00ED779B /* Sources */,
				85CEE47E218DF22E00ED779B /* Frameworks */,
				85CEE47F218DF22E00ED779B /* Resources */,
			);
			buildRules = (
			);
			dependencies = (
				85CEE483218DF22E00ED779B /* PBXTargetDependency */,
			);
			name = MacTraderTests;
			productName = MacTraderTests;
			productReference = 85CEE481218DF22E00ED779B /* MacTraderTests.xctest */;
			productType = "com.apple.product-type.bundle.unit-test";
		};
		85CEE48B218DF22E00ED779B /* MacTraderUITests */ = {
			isa = PBXNativeTarget;
			buildConfigurationList = 85CEE49B218DF22E00ED779B /* Build configuration list for PBXNativeTarget "MacTraderUITests" */;
			buildPhases = (
				85CEE488218DF22E00ED779B /* Sources */,
				85CEE489218DF22E00ED779B /* Frameworks */,
				85CEE48A218DF22E00ED779B /* Resources */,
			);
			buildRules = (
			);
			dependencies = (
				85CEE48E218DF22E00ED779B /* PBXTargetDependency */,
			);
			name = MacTraderUITests;
			productName = MacTraderUITests;
			productReference = 85CEE48C218DF22E00ED779B /* MacTraderUITests.xctest */;
			productType = "com.apple.product-type.bundle.ui-testing";
		};
/* End PBXNativeTarget section */

/* Begin PBXProject section */
		85CEE467218DF22C00ED779B /* Project object */ = {
			isa = PBXProject;
			attributes = {
				KnownAssetTags = (
					Chart,
				);
				LastSwiftUpdateCheck = 1010;
				LastUpgradeCheck = 1010;
				ORGANIZATIONNAME = "Chris ----------";
				TargetAttributes = {
					85CEE46E218DF22C00ED779B = {
						CreatedOnToolsVersion = 10.1;
					};
					85CEE480218DF22E00ED779B = {
						CreatedOnToolsVersion = 10.1;
						TestTargetID = 85CEE46E218DF22C00ED779B;
					};
					85CEE48B218DF22E00ED779B = {
						CreatedOnToolsVersion = 10.1;
						TestTargetID = 85CEE46E218DF22C00ED779B;
					};
				};
			};
			buildConfigurationList = 85CEE46A218DF22C00ED779B /* Build configuration list for PBXProject "MacTrader" */;
			compatibilityVersion = "Xcode 9.3";
			developmentRegion = en;
			hasScannedForEncodings = 0;
			knownRegions = (
				en,
				Base,
			);
			mainGroup = 85CEE466218DF22C00ED779B;
			productRefGroup = 85CEE470218DF22C00ED779B /* Products */;
			projectDirPath = "";
			projectRoot = "";
			targets = (
				85CEE46E218DF22C00ED779B /* MacTrader */,
				85CEE480218DF22E00ED779B /* MacTraderTests */,
				85CEE48B218DF22E00ED779B /* MacTraderUITests */,
			);
		};
/* End PBXProject section */

/* Begin PBXResourcesBuildPhase section */
		85CEE46D218DF22C00ED779B /* Resources */ = {
			isa = PBXResourcesBuildPhase;
			buildActionMask = 2147483647;
			files = (
				85CEE477218DF22E00ED779B /* Assets.xcassets in Resources */,
				85CEE47A218DF22E00ED779B /* Main.storyboard in Resources */,
			);
			runOnlyForDeploymentPostprocessing = 0;
		};
		85CEE47F218DF22E00ED779B /* Resources */ = {
			isa = PBXResourcesBuildPhase;
			buildActionMask = 2147483647;
			files = (
			);
			runOnlyForDeploymentPostprocessing = 0;
		};
		85CEE48A218DF22E00ED779B /* Resources */ = {
			isa = PBXResourcesBuildPhase;
			buildActionMask = 2147483647;
			files = (
			);
			runOnlyForDeploymentPostprocessing = 0;
		};
/* End PBXResourcesBuildPhase section */

/* Begin PBXSourcesBuildPhase section */
		85CEE46B218DF22C00ED779B /* Sources */ = {
			isa = PBXSourcesBuildPhase;
			buildActionMask = 2147483647;
			files = (
				85730BD6219FE1DF0078D541 /* Poloniex.swift in Sources */,
				85E0BD7E219AF78000FBE476 /* Analiser.swift in Sources */,
				85CEE475218DF22C00ED779B /* ViewController.swift in Sources */,
				85CEE473218DF22C00ED779B /* AppDelegate.swift in Sources */,
				85E0BD7A219AF4B400FBE476 /* RSS.swift in Sources */,
				85082E5D2198E9B600E7788A /* FirstRun.swift in Sources */,
				85E0BD76219AF3ED00FBE476 /* CMarketCap.swift in Sources */,
				85E0BD7C219AF55100FBE476 /* Grapher.swift in Sources */,
				85DE892B21983E9F00F0D26D /* CoinGecko.swift in Sources */,
			);
			runOnlyForDeploymentPostprocessing = 0;
		};
		85CEE47D218DF22E00ED779B /* Sources */ = {
			isa = PBXSourcesBuildPhase;
			buildActionMask = 2147483647;
			files = (
				85CEE486218DF22E00ED779B /* MacTraderTests.swift in Sources */,
			);
			runOnlyForDeploymentPostprocessing = 0;
		};
		85CEE488218DF22E00ED779B /* Sources */ = {
			isa = PBXSourcesBuildPhase;
			buildActionMask = 2147483647;
			files = (
				85CEE491218DF22E00ED779B /* MacTraderUITests.swift in Sources */,
			);
			runOnlyForDeploymentPostprocessing = 0;
		};
/* End PBXSourcesBuildPhase section */

/* Begin PBXTargetDependency section */
		85CEE483218DF22E00ED779B /* PBXTargetDependency */ = {
			isa = PBXTargetDependency;
			target = 85CEE46E218DF22C00ED779B /* MacTrader */;
			targetProxy = 85CEE482218DF22E00ED779B /* PBXContainerItemProxy */;
		};
		85CEE48E218DF22E00ED779B /* PBXTargetDependency */ = {
			isa = PBXTargetDependency;
			target = 85CEE46E218DF22C00ED779B /* MacTrader */;
			targetProxy = 85CEE48D218DF22E00ED779B /* PBXContainerItemProxy */;
		};
/* End PBXTargetDependency section */

/* Begin PBXVariantGroup section */
		85CEE478218DF22E00ED779B /* Main.storyboard */ = {
			isa = PBXVariantGroup;
			children = (
				85CEE479218DF22E00ED779B /* Base */,
			);
			name = Main.storyboard;
			sourceTree = "<group>";
		};
/* End PBXVariantGroup section */

/* Begin XCBuildConfiguration section */
		85CEE493218DF22E00ED779B /* Debug */ = {
			isa = XCBuildConfiguration;
			buildSettings = {
				ALWAYS_SEARCH_USER_PATHS = NO;
				CLANG_ANALYZER_NONNULL = YES;
				CLANG_ANALYZER_NUMBER_OBJECT_CONVERSION = YES_AGGRESSIVE;
				CLANG_CXX_LANGUAGE_STANDARD = "gnu++14";
				CLANG_CXX_LIBRARY = "libc++";
				CLANG_ENABLE_MODULES = YES;
				CLANG_ENABLE_OBJC_ARC = YES;
				CLANG_ENABLE_OBJC_WEAK = YES;
				CLANG_WARN_BLOCK_CAPTURE_AUTORELEASING = YES;
				CLANG_WARN_BOOL_CONVERSION = YES;
				CLANG_WARN_COMMA = YES;
				CLANG_WARN_CONSTANT_CONVERSION = YES;
				CLANG_WARN_DEPRECATED_OBJC_IMPLEMENTATIONS = YES;
				CLANG_WARN_DIRECT_OBJC_ISA_USAGE = YES_ERROR;
				CLANG_WARN_DOCUMENTATION_COMMENTS = YES;
				CLANG_WARN_EMPTY_BODY = YES;
				CLANG_WARN_ENUM_CONVERSION = YES;
				CLANG_WARN_INFINITE_RECURSION = YES;
				CLANG_WARN_INT_CONVERSION = YES;
				CLANG_WARN_NON_LITERAL_NULL_CONVERSION = YES;
				CLANG_WARN_OBJC_IMPLICIT_RETAIN_SELF = YES;
				CLANG_WARN_OBJC_LITERAL_CONVERSION = YES;
				CLANG_WARN_OBJC_ROOT_CLASS = YES_ERROR;
				CLANG_WARN_RANGE_LOOP_ANALYSIS = YES;
				CLANG_WARN_STRICT_PROTOTYPES = YES;
				CLANG_WARN_SUSPICIOUS_MOVE = YES;
				CLANG_WARN_UNGUARDED_AVAILABILITY = YES_AGGRESSIVE;
				CLANG_WARN_UNREACHABLE_CODE = YES;
				CLANG_WARN__DUPLICATE_METHOD_MATCH = YES;
				CODE_SIGN_IDENTITY = "Mac Developer";
				COPY_PHASE_STRIP = NO;
				DEBUG_INFORMATION_FORMAT = dwarf;
				ENABLE_STRICT_OBJC_MSGSEND = YES;
				ENABLE_TESTABILITY = YES;
				GCC_C_LANGUAGE_STANDARD = gnu11;
				GCC_DYNAMIC_NO_PIC = NO;
				GCC_NO_COMMON_BLOCKS = YES;
				GCC_OPTIMIZATION_LEVEL = 0;
				GCC_PREPROCESSOR_DEFINITIONS = (
					"DEBUG=1",
					"$(inherited)",
				);
				GCC_WARN_64_TO_32_BIT_CONVERSION = YES;
				GCC_WARN_ABOUT_RETURN_TYPE = YES_ERROR;
				GCC_WARN_UNDECLARED_SELECTOR = YES;
				GCC_WARN_UNINITIALIZED_AUTOS = YES_AGGRESSIVE;
				GCC_WARN_UNUSED_FUNCTION = YES;
				GCC_WARN_UNUSED_VARIABLE = YES;
				MACOSX_DEPLOYMENT_TARGET = 10.14;
				MTL_ENABLE_DEBUG_INFO = INCLUDE_SOURCE;
				MTL_FAST_MATH = YES;
				ONLY_ACTIVE_ARCH = YES;
				SDKROOT = macosx;
				SWIFT_ACTIVE_COMPILATION_CONDITIONS = DEBUG;
				SWIFT_OPTIMIZATION_LEVEL = "-Onone";
			};
			name = Debug;
		};
		85CEE494218DF22E00ED779B /* Release */ = {
			isa = XCBuildConfiguration;
			buildSettings = {
				ALWAYS_SEARCH_USER_PATHS = NO;
				CLANG_ANALYZER_NONNULL = YES;
				CLANG_ANALYZER_NUMBER_OBJECT_CONVERSION = YES_AGGRESSIVE;
				CLANG_CXX_LANGUAGE_STANDARD = "gnu++14";
				CLANG_CXX_LIBRARY = "libc++";
				CLANG_ENABLE_MODULES = YES;
				CLANG_ENABLE_OBJC_ARC = YES;
				CLANG_ENABLE_OBJC_WEAK = YES;
				CLANG_WARN_BLOCK_CAPTURE_AUTORELEASING = YES;
				CLANG_WARN_BOOL_CONVERSION = YES;
				CLANG_WARN_COMMA = YES;
				CLANG_WARN_CONSTANT_CONVERSION = YES;
				CLANG_WARN_DEPRECATED_OBJC_IMPLEMENTATIONS = YES;
				CLANG_WARN_DIRECT_OBJC_ISA_USAGE = YES_ERROR;
				CLANG_WARN_DOCUMENTATION_COMMENTS = YES;
				CLANG_WARN_EMPTY_BODY = YES;
				CLANG_WARN_ENUM_CONVERSION = YES;
				CLANG_WARN_INFINITE_RECURSION = YES;
				CLANG_WARN_INT_CONVERSION = YES;
				CLANG_WARN_NON_LITERAL_NULL_CONVERSION = YES;
				CLANG_WARN_OBJC_IMPLICIT_RETAIN_SELF = YES;
				CLANG_WARN_OBJC_LITERAL_CONVERSION = YES;
				CLANG_WARN_OBJC_ROOT_CLASS = YES_ERROR;
				CLANG_WARN_RANGE_LOOP_ANALYSIS = YES;
				CLANG_WARN_STRICT_PROTOTYPES = YES;
				CLANG_WARN_SUSPICIOUS_MOVE = YES;
				CLANG_WARN_UNGUARDED_AVAILABILITY = YES_AGGRESSIVE;
				CLANG_WARN_UNREACHABLE_CODE = YES;
				CLANG_WARN__DUPLICATE_METHOD_MATCH = YES;
				CODE_SIGN_IDENTITY = "Mac Developer";
				COPY_PHASE_STRIP = NO;
				DEBUG_INFORMATION_FORMAT = "dwarf-with-dsym";
				ENABLE_NS_ASSERTIONS = NO;
				ENABLE_STRICT_OBJC_MSGSEND = YES;
				GCC_C_LANGUAGE_STANDARD = gnu11;
				GCC_NO_COMMON_BLOCKS = YES;
				GCC_WARN_64_TO_32_BIT_CONVERSION = YES;
				GCC_WARN_ABOUT_RETURN_TYPE = YES_ERROR;
				GCC_WARN_UNDECLARED_SELECTOR = YES;
				GCC_WARN_UNINITIALIZED_AUTOS = YES_AGGRESSIVE;
				GCC_WARN_UNUSED_FUNCTION = YES;
				GCC_WARN_UNUSED_VARIABLE = YES;
				MACOSX_DEPLOYMENT_TARGET = 10.14;
				MTL_ENABLE_DEBUG_INFO = NO;
				MTL_FAST_MATH = YES;
				SDKROOT = macosx;
				SWIFT_COMPILATION_MODE = wholemodule;
				SWIFT_OPTIMIZATION_LEVEL = "-O";
			};
			name = Release;
		};
		85CEE496218DF22E00ED779B /* Debug */ = {
			isa = XCBuildConfiguration;
			buildSettings = {
				ASSETCATALOG_COMPILER_APPICON_NAME = AppIcon;
				CODE_SIGN_STYLE = Automatic;
				COMBINE_HIDPI_IMAGES = YES;
				DEVELOPMENT_TEAM = GZXFGCBXP6;
				INFOPLIST_FILE = MacTrader/Info.plist;
				LD_RUNPATH_SEARCH_PATHS = (
					"$(inherited)",
					"@executable_path/../Frameworks",
				);
				PRODUCT_BUNDLE_IDENTIFIER = MacTrader.MacTrader;
				PRODUCT_NAME = "$(TARGET_NAME)";
				SWIFT_VERSION = 4.2;
			};
			name = Debug;
		};
		85CEE497218DF22E00ED779B /* Release */ = {
			isa = XCBuildConfiguration;
			buildSettings = {
				ASSETCATALOG_COMPILER_APPICON_NAME = AppIcon;
				CODE_SIGN_STYLE = Automatic;
				COMBINE_HIDPI_IMAGES = YES;
				DEVELOPMENT_TEAM = GZXFGCBXP6;
				INFOPLIST_FILE = MacTrader/Info.plist;
				LD_RUNPATH_SEARCH_PATHS = (
					"$(inherited)",
					"@executable_path/../Frameworks",
				);
				PRODUCT_BUNDLE_IDENTIFIER = MacTrader.MacTrader;
				PRODUCT_NAME = "$(TARGET_NAME)";
				SWIFT_VERSION = 4.2;
			};
			name = Release;
		};
		85CEE499218DF22E00ED779B /* Debug */ = {
			isa = XCBuildConfiguration;
			buildSettings = {
				ALWAYS_EMBED_SWIFT_STANDARD_LIBRARIES = YES;
				BUNDLE_LOADER = "$(TEST_HOST)";
				CODE_SIGN_STYLE = Automatic;
				COMBINE_HIDPI_IMAGES = YES;
				DEVELOPMENT_TEAM = GZXFGCBXP6;
				INFOPLIST_FILE = MacTraderTests/Info.plist;
				LD_RUNPATH_SEARCH_PATHS = (
					"$(inherited)",
					"@executable_path/../Frameworks",
					"@loader_path/../Frameworks",
				);
				PRODUCT_BUNDLE_IDENTIFIER = MacTrader.MacTraderTests;
				PRODUCT_NAME = "$(TARGET_NAME)";
				SWIFT_VERSION = 4.2;
				TEST_HOST = "$(BUILT_PRODUCTS_DIR)/MacTrader.app/Contents/MacOS/MacTrader";
			};
			name = Debug;
		};
		85CEE49A218DF22E00ED779B /* Release */ = {
			isa = XCBuildConfiguration;
			buildSettings = {
				ALWAYS_EMBED_SWIFT_STANDARD_LIBRARIES = YES;
				BUNDLE_LOADER = "$(TEST_HOST)";
				CODE_SIGN_STYLE = Automatic;
				COMBINE_HIDPI_IMAGES = YES;
				DEVELOPMENT_TEAM = GZXFGCBXP6;
				INFOPLIST_FILE = MacTraderTests/Info.plist;
				LD_RUNPATH_SEARCH_PATHS = (
					"$(inherited)",
					"@executable_path/../Frameworks",
					"@loader_path/../Frameworks",
				);
				PRODUCT_BUNDLE_IDENTIFIER = MacTrader.MacTraderTests;
				PRODUCT_NAME = "$(TARGET_NAME)";
				SWIFT_VERSION = 4.2;
				TEST_HOST = "$(BUILT_PRODUCTS_DIR)/MacTrader.app/Contents/MacOS/MacTrader";
			};
			name = Release;
		};
		85CEE49C218DF22E00ED779B /* Debug */ = {
			isa = XCBuildConfiguration;
			buildSettings = {
				ALWAYS_EMBED_SWIFT_STANDARD_LIBRARIES = YES;
				CODE_SIGN_STYLE = Automatic;
				COMBINE_HIDPI_IMAGES = YES;
				DEVELOPMENT_TEAM = GZXFGCBXP6;
				INFOPLIST_FILE = MacTraderUITests/Info.plist;
				LD_RUNPATH_SEARCH_PATHS = (
					"$(inherited)",
					"@executable_path/../Frameworks",
					"@loader_path/../Frameworks",
				);
				PRODUCT_BUNDLE_IDENTIFIER = MacTrader.MacTraderUITests;
				PRODUCT_NAME = "$(TARGET_NAME)";
				SWIFT_VERSION = 4.2;
				TEST_TARGET_NAME = MacTrader;
			};
			name = Debug;
		};
		85CEE49D218DF22E00ED779B /* Release */ = {
			isa = XCBuildConfiguration;
			buildSettings = {
				ALWAYS_EMBED_SWIFT_STANDARD_LIBRARIES = YES;
				CODE_SIGN_STYLE = Automatic;
				COMBINE_HIDPI_IMAGES = YES;
				DEVELOPMENT_TEAM = GZXFGCBXP6;
				INFOPLIST_FILE = MacTraderUITests/Info.plist;
				LD_RUNPATH_SEARCH_PATHS = (
					"$(inherited)",
					"@executable_path/../Frameworks",
					"@loader_path/../Frameworks",
				);
				PRODUCT_BUNDLE_IDENTIFIER = MacTrader.MacTraderUITests;
				PRODUCT_NAME = "$(TARGET_NAME)";
				SWIFT_VERSION = 4.2;
				TEST_TARGET_NAME = MacTrader;
			};
			name = Release;
		};
/* End XCBuildConfiguration section */

/* Begin XCConfigurationList section */
		85CEE46A218DF22C00ED779B /* Build configuration list for PBXProject "MacTrader" */ = {
			isa = XCConfigurationList;
			buildConfigurations = (
				85CEE493218DF22E00ED779B /* Debug */,
				85CEE494218DF22E00ED779B /* Release */,
			);
			defaultConfigurationIsVisible = 0;
			defaultConfigurationName = Release;
		};
		85CEE495218DF22E00ED779B /* Build configuration list for PBXNativeTarget "MacTrader" */ = {
			isa = XCConfigurationList;
			buildConfigurations = (
				85CEE496218DF22E00ED779B /* Debug */,
				85CEE497218DF22E00ED779B /* Release */,
			);
			defaultConfigurationIsVisible = 0;
			defaultConfigurationName = Release;
		};
		85CEE498218DF22E00ED779B /* Build configuration list for PBXNativeTarget "MacTraderTests" */ = {
			isa = XCConfigurationList;
			buildConfigurations = (
				85CEE499218DF22E00ED779B /* Debug */,
				85CEE49A218DF22E00ED779B /* Release */,
			);
			defaultConfigurationIsVisible = 0;
			defaultConfigurationName = Release;
		};
		85CEE49B218DF22E00ED779B /* Build configuration list for PBXNativeTarget "MacTraderUITests" */ = {
			isa = XCConfigurationList;
			buildConfigurations = (
				85CEE49C218DF22E00ED779B /* Debug */,
				85CEE49D218DF22E00ED779B /* Release */,
			);
			defaultConfigurationIsVisible = 0;
			defaultConfigurationName = Release;
		};
/* End XCConfigurationList section */
	};
	rootObject = 85CEE467218DF22C00ED779B /* Project object */;
}
